// !$*UTF8*$!
{
	archiveVersion = 1;
	classes = {
	};
	objectVersion = 46;
	objects = {

/* Begin PBXBuildFile section */
		84874CB31878D80D00C60B26 /* Foundation.framework in Frameworks */ = {isa = PBXBuildFile; fileRef = 84874CB21878D80D00C60B26 /* Foundation.framework */; };
		84874CB51878D80D00C60B26 /* CoreGraphics.framework in Frameworks */ = {isa = PBXBuildFile; fileRef = 84874CB41878D80D00C60B26 /* CoreGraphics.framework */; };
		84874CB71878D80D00C60B26 /* UIKit.framework in Frameworks */ = {isa = PBXBuildFile; fileRef = 84874CB61878D80D00C60B26 /* UIKit.framework */; };
		84874CBD1878D80D00C60B26 /* InfoPlist.strings in Resources */ = {isa = PBXBuildFile; fileRef = 84874CBB1878D80D00C60B26 /* InfoPlist.strings */; };
		84874CBF1878D80D00C60B26 /* main.m in Sources */ = {isa = PBXBuildFile; fileRef = 84874CBE1878D80D00C60B26 /* main.m */; };
		84874CC31878D80D00C60B26 /* MyAppDelegate.m in Sources */ = {isa = PBXBuildFile; fileRef = 84874CC21878D80D00C60B26 /* MyAppDelegate.m */; };
		84874CC61878D80D00C60B26 /* Main.storyboard in Resources */ = {isa = PBXBuildFile; fileRef = 84874CC41878D80D00C60B26 /* Main.storyboard */; };
		84874CC91878D80D00C60B26 /* MyViewController.m in Sources */ = {isa = PBXBuildFile; fileRef = 84874CC81878D80D00C60B26 /* MyViewController.m */; };
		84874CCB1878D80D00C60B26 /* Images.xcassets in Resources */ = {isa = PBXBuildFile; fileRef = 84874CCA1878D80D00C60B26 /* Images.xcassets */; };
		84874CD21878D80D00C60B26 /* XCTest.framework in Frameworks */ = {isa = PBXBuildFile; fileRef = 84874CD11878D80D00C60B26 /* XCTest.framework */; };
		84874CD31878D80D00C60B26 /* Foundation.framework in Frameworks */ = {isa = PBXBuildFile; fileRef = 84874CB21878D80D00C60B26 /* Foundation.framework */; };
		84874CD41878D80D00C60B26 /* UIKit.framework in Frameworks */ = {isa = PBXBuildFile; fileRef = 84874CB61878D80D00C60B26 /* UIKit.framework */; };
		84874CDC1878D80D00C60B26 /* InfoPlist.strings in Resources */ = {isa = PBXBuildFile; fileRef = 84874CDA1878D80D00C60B26 /* InfoPlist.strings */; };
		84874CDE1878D80D00C60B26 /* Toggle_On_OneTests.m in Sources */ = {isa = PBXBuildFile; fileRef = 84874CDD1878D80D00C60B26 /* Toggle_On_OneTests.m */; };
/* End PBXBuildFile section */

/* Begin PBXContainerItemProxy section */
		84874CD51878D80D00C60B26 /* PBXContainerItemProxy */ = {
			isa = PBXContainerItemProxy;
			containerPortal = 84874CA71878D80D00C60B26 /* Project object */;
			proxyType = 1;
			remoteGlobalIDString = 84874CAE1878D80D00C60B26;
			remoteInfo = "Toggle On One";
		};
/* End PBXContainerItemProxy section */

/* Begin PBXFileReference section */
		84874CAF1878D80D00C60B26 /* Toggle On One.app */ = {isa = PBXFileReference; explicitFileType = wrapper.application; includeInIndex = 0; path = "Toggle On One.app"; sourceTree = BUILT_PRODUCTS_DIR; };
		84874CB21878D80D00C60B26 /* Foundation.framework */ = {isa = PBXFileReference; lastKnownFileType = wrapper.framework; name = Foundation.framework; path = System/Library/Frameworks/Foundation.framework; sourceTree = SDKROOT; };
		84874CB41878D80D00C60B26 /* CoreGraphics.framework */ = {isa = PBXFileReference; lastKnownFileType = wrapper.framework; name = CoreGraphics.framework; path = System/Library/Frameworks/CoreGraphics.framework; sourceTree = SDKROOT; };
		84874CB61878D80D00C60B26 /* UIKit.framework */ = {isa = PBXFileReference; lastKnownFileType = wrapper.framework; name = UIKit.framework; path = System/Library/Frameworks/UIKit.framework; sourceTree = SDKROOT; };
		84874CBA1878D80D00C60B26 /* Toggle On One-Info.plist */ = {isa = PBXFileReference; lastKnownFileType = text.plist.xml; path = "Toggle On One-Info.plist"; sourceTree = "<group>"; };
		84874CBC1878D80D00C60B26 /* en */ = {isa = PBXFileReference; lastKnownFileType = text.plist.strings; name = en; path = en.lproj/InfoPlist.strings; sourceTree = "<group>"; };
		84874CBE1878D80D00C60B26 /* main.m */ = {isa = PBXFileReference; lastKnownFileType = sourcecode.c.objc; path = main.m; sourceTree = "<group>"; };
		84874CC01878D80D00C60B26 /* Toggle On One-Prefix.pch */ = {isa = PBXFileReference; lastKnownFileType = sourcecode.c.h; path = "Toggle On One-Prefix.pch"; sourceTree = "<group>"; };
		84874CC11878D80D00C60B26 /* MyAppDelegate.h */ = {isa = PBXFileReference; lastKnownFileType = sourcecode.c.h; path = MyAppDelegate.h; sourceTree = "<group>"; };
		84874CC21878D80D00C60B26 /* MyAppDelegate.m */ = {isa = PBXFileReference; lastKnownFileType = sourcecode.c.objc; path = MyAppDelegate.m; sourceTree = "<group>"; };
		84874CC51878D80D00C60B26 /* Base */ = {isa = PBXFileReference; lastKnownFileType = file.storyboard; name = Base; path = Base.lproj/Main.storyboard; sourceTree = "<group>"; };
		84874CC71878D80D00C60B26 /* MyViewController.h */ = {isa = PBXFileReference; lastKnownFileType = sourcecode.c.h; path = MyViewController.h; sourceTree = "<group>"; };
		84874CC81878D80D00C60B26 /* MyViewController.m */ = {isa = PBXFileReference; lastKnownFileType = sourcecode.c.objc; path = MyViewController.m; sourceTree = "<group>"; };
		84874CCA1878D80D00C60B26 /* Images.xcassets */ = {isa = PBXFileReference; lastKnownFileType = folder.assetcatalog; path = Images.xcassets; sourceTree = "<group>"; };
		84874CD01878D80D00C60B26 /* Toggle On OneTests.xctest */ = {isa = PBXFileReference; explicitFileType = wrapper.cfbundle; includeInIndex = 0; path = "Toggle On OneTests.xctest"; sourceTree = BUILT_PRODUCTS_DIR; };
		84874CD11878D80D00C60B26 /* XCTest.framework */ = {isa = PBXFileReference; lastKnownFileType = wrapper.framework; name = XCTest.framework; path = Library/Frameworks/XCTest.framework; sourceTree = DEVELOPER_DIR; };
		84874CD91878D80D00C60B26 /* Toggle On OneTests-Info.plist */ = {isa = PBXFileReference; lastKnownFileType = text.plist.xml; path = "Toggle On OneTests-Info.plist"; sourceTree = "<group>"; };
		84874CDB1878D80D00C60B26 /* en */ = {isa = PBXFileReference; lastKnownFileType = text.plist.strings; name = en; path = en.lproj/InfoPlist.strings; sourceTree = "<group>"; };
		84874CDD1878D80D00C60B26 /* Toggle_On_OneTests.m */ = {isa = PBXFileReference; lastKnownFileType = sourcecode.c.objc; path = Toggle_On_OneTests.m; sourceTree = "<group>"; };
/* End PBXFileReference section */

/* Begin PBXFrameworksBuildPhase section */
		84874CAC1878D80D00C60B26 /* Frameworks */ = {
			isa = PBXFrameworksBuildPhase;
			buildActionMask = 2147483647;
			files = (
				84874CB51878D80D00C60B26 /* CoreGraphics.framework in Frameworks */,
				84874CB71878D80D00C60B26 /* UIKit.framework in Frameworks */,
				84874CB31878D80D00C60B26 /* Foundation.framework in Frameworks */,
			);
			runOnlyForDeploymentPostprocessing = 0;
		};
		84874CCD1878D80D00C60B26 /* Frameworks */ = {
			isa = PBXFrameworksBuildPhase;
			buildActionMask = 2147483647;
			files = (
				84874CD21878D80D00C60B26 /* XCTest.framework in Frameworks */,
				84874CD41878D80D00C60B26 /* UIKit.framework in Frameworks */,
				84874CD31878D80D00C60B26 /* Foundation.framework in Frameworks */,
			);
			runOnlyForDeploymentPostprocessing = 0;
		};
/* End PBXFrameworksBuildPhase section */

/* Begin PBXGroup section */
		84874CA61878D80D00C60B26 = {
			isa = PBXGroup;
			children = (
				84874CB81878D80D00C60B26 /* Toggle On One */,
				84874CD71878D80D00C60B26 /* Toggle On OneTests */,
				84874CB11878D80D00C60B26 /* Frameworks */,
				84874CB01878D80D00C60B26 /* Products */,
			);
			sourceTree = "<group>";
		};
		84874CB01878D80D00C60B26 /* Products */ = {
			isa = PBXGroup;
			children = (
				84874CAF1878D80D00C60B26 /* Toggle On One.app */,
				84874CD01878D80D00C60B26 /* Toggle On OneTests.xctest */,
			);
			name = Products;
			sourceTree = "<group>";
		};
		84874CB11878D80D00C60B26 /* Frameworks */ = {
			isa = PBXGroup;
			children = (
				84874CB21878D80D00C60B26 /* Foundation.framework */,
				84874CB41878D80D00C60B26 /* CoreGraphics.framework */,
				84874CB61878D80D00C60B26 /* UIKit.framework */,
				84874CD11878D80D00C60B26 /* XCTest.framework */,
			);
			name = Frameworks;
			sourceTree = "<group>";
		};
		84874CB81878D80D00C60B26 /* Toggle On One */ = {
			isa = PBXGroup;
			children = (
				84874CC11878D80D00C60B26 /* MyAppDelegate.h */,
				84874CC21878D80D00C60B26 /* MyAppDelegate.m */,
				84874CC41878D80D00C60B26 /* Main.storyboard */,
				84874CC71878D80D00C60B26 /* MyViewController.h */,
				84874CC81878D80D00C60B26 /* MyViewController.m */,
				84874CCA1878D80D00C60B26 /* Images.xcassets */,
				84874CB91878D80D00C60B26 /* Supporting Files */,
			);
			path = "Toggle On One";
			sourceTree = "<group>";
		};
		84874CB91878D80D00C60B26 /* Supporting Files */ = {
			isa = PBXGroup;
			children = (
				84874CBA1878D80D00C60B26 /* Toggle On One-Info.plist */,
				84874CBB1878D80D00C60B26 /* InfoPlist.strings */,
				84874CBE1878D80D00C60B26 /* main.m */,
				84874CC01878D80D00C60B26 /* Toggle On One-Prefix.pch */,
			);
			name = "Supporting Files";
			sourceTree = "<group>";
		};
		84874CD71878D80D00C60B26 /* Toggle On OneTests */ = {
			isa = PBXGroup;
			children = (
				84874CDD1878D80D00C60B26 /* Toggle_On_OneTests.m */,
				84874CD81878D80D00C60B26 /* Supporting Files */,
			);
			path = "Toggle On OneTests";
			sourceTree = "<group>";
		};
		84874CD81878D80D00C60B26 /* Supporting Files */ = {
			isa = PBXGroup;
			children = (
				84874CD91878D80D00C60B26 /* Toggle On OneTests-Info.plist */,
				84874CDA1878D80D00C60B26 /* InfoPlist.strings */,
			);
			name = "Supporting Files";
			sourceTree = "<group>";
		};
/* End PBXGroup section */

/* Begin PBXNativeTarget section */
		84874CAE1878D80D00C60B26 /* Toggle On One */ = {
			isa = PBXNativeTarget;
			buildConfigurationList = 84874CE11878D80D00C60B26 /* Build configuration list for PBXNativeTarget "Toggle On One" */;
			buildPhases = (
				84874CAB1878D80D00C60B26 /* Sources */,
				84874CAC1878D80D00C60B26 /* Frameworks */,
				84874CAD1878D80D00C60B26 /* Resources */,
			);
			buildRules = (
			);
			dependencies = (
			);
			name = "Toggle On One";
			productName = "Toggle On One";
			productReference = 84874CAF1878D80D00C60B26 /* Toggle On One.app */;
			productType = "com.apple.product-type.application";
		};
		84874CCF1878D80D00C60B26 /* Toggle On OneTests */ = {
			isa = PBXNativeTarget;
			buildConfigurationList = 84874CE41878D80D00C60B26 /* Build configuration list for PBXNativeTarget "Toggle On OneTests" */;
			buildPhases = (
				84874CCC1878D80D00C60B26 /* Sources */,
				84874CCD1878D80D00C60B26 /* Frameworks */,
				84874CCE1878D80D00C60B26 /* Resources */,
			);
			buildRules = (
			);
			dependencies = (
				84874CD61878D80D00C60B26 /* PBXTargetDependency */,
			);
			name = "Toggle On OneTests";
			productName = "Toggle On OneTests";
			productReference = 84874CD01878D80D00C60B26 /* Toggle On OneTests.xctest */;
			productType = "com.apple.product-type.bundle.unit-test";
		};
/* End PBXNativeTarget section */

/* Begin PBXProject section */
		84874CA71878D80D00C60B26 /* Project object */ = {
			isa = PBXProject;
			attributes = {
				CLASSPREFIX = My;
				LastUpgradeCheck = 0500;
				ORGANIZATIONNAME = "Jordan Hudgens";
				TargetAttributes = {
					84874CCF1878D80D00C60B26 = {
						TestTargetID = 84874CAE1878D80D00C60B26;
					};
				};
			};
			buildConfigurationList = 84874CAA1878D80D00C60B26 /* Build configuration list for PBXProject "Toggle On One" */;
			compatibilityVersion = "Xcode 3.2";
			developmentRegion = English;
			hasScannedForEncodings = 0;
			knownRegions = (
				en,
				Base,
			);
			mainGroup = 84874CA61878D80D00C60B26;
			productRefGroup = 84874CB01878D80D00C60B26 /* Products */;
			projectDirPath = "";
			projectRoot = "";
			targets = (
				84874CAE1878D80D00C60B26 /* Toggle On One */,
				84874CCF1878D80D00C60B26 /* Toggle On OneTests */,
			);
		};
/* End PBXProject section */

/* Begin PBXResourcesBuildPhase section */
		84874CAD1878D80D00C60B26 /* Resources */ = {
			isa = PBXResourcesBuildPhase;
			buildActionMask = 2147483647;
			files = (
				84874CCB1878D80D00C60B26 /* Images.xcassets in Resources */,
				84874CBD1878D80D00C60B26 /* InfoPlist.strings in Resources */,
				84874CC61878D80D00C60B26 /* Main.storyboard in Resources */,
			);
			runOnlyForDeploymentPostprocessing = 0;
		};
		84874CCE1878D80D00C60B26 /* Resources */ = {
			isa = PBXResourcesBuildPhase;
			buildActionMask = 2147483647;
			files = (
				84874CDC1878D80D00C60B26 /* InfoPlist.strings in Resources */,
			);
			runOnlyForDeploymentPostprocessing = 0;
		};
/* End PBXResourcesBuildPhase section */

/* Begin PBXSourcesBuildPhase section */
		84874CAB1878D80D00C60B26 /* Sources */ = {
			isa = PBXSourcesBuildPhase;
			buildActionMask = 2147483647;
			files = (
				84874CC91878D80D00C60B26 /* MyViewController.m in Sources */,
				84874CC31878D80D00C60B26 /* MyAppDelegate.m in Sources */,
				84874CBF1878D80D00C60B26 /* main.m in Sources */,
			);
			runOnlyForDeploymentPostprocessing = 0;
		};
		84874CCC1878D80D00C60B26 /* Sources */ = {
			isa = PBXSourcesBuildPhase;
			buildActionMask = 2147483647;
			files = (
				84874CDE1878D80D00C60B26 /* Toggle_On_OneTests.m in Sources */,
			);
			runOnlyForDeploymentPostprocessing = 0;
		};
/* End PBXSourcesBuildPhase section */

/* Begin PBXTargetDependency section */
		84874CD61878D80D00C60B26 /* PBXTargetDependency */ = {
			isa = PBXTargetDependency;
			target = 84874CAE1878D80D00C60B26 /* Toggle On One */;
			targetProxy = 84874CD51878D80D00C60B26 /* PBXContainerItemProxy */;
		};
/* End PBXTargetDependency section */

/* Begin PBXVariantGroup section */
		84874CBB1878D80D00C60B26 /* InfoPlist.strings */ = {
			isa = PBXVariantGroup;
			children = (
				84874CBC1878D80D00C60B26 /* en */,
			);
			name = InfoPlist.strings;
			sourceTree = "<group>";
		};
		84874CC41878D80D00C60B26 /* Main.storyboard */ = {
			isa = PBXVariantGroup;
			children = (
				84874CC51878D80D00C60B26 /* Base */,
			);
			name = Main.storyboard;
			sourceTree = "<group>";
		};
		84874CDA1878D80D00C60B26 /* InfoPlist.strings */ = {
			isa = PBXVariantGroup;
			children = (
				84874CDB1878D80D00C60B26 /* en */,
			);
			name = InfoPlist.strings;
			sourceTree = "<group>";
		};
/* End PBXVariantGroup section */

/* Begin XCBuildConfiguration section */
		84874CDF1878D80D00C60B26 /* Debug */ = {
			isa = XCBuildConfiguration;
			buildSettings = {
				ALWAYS_SEARCH_USER_PATHS = NO;
				ARCHS = "$(ARCHS_STANDARD_INCLUDING_64_BIT)";
				CLANG_CXX_LANGUAGE_STANDARD = "gnu++0x";
				CLANG_CXX_LIBRARY = "libc++";
				CLANG_ENABLE_MODULES = YES;
				CLANG_ENABLE_OBJC_ARC = YES;
				CLANG_WARN_BOOL_CONVERSION = YES;
				CLANG_WARN_CONSTANT_CONVERSION = YES;
				CLANG_WARN_DIRECT_OBJC_ISA_USAGE = YES_ERROR;
				CLANG_WARN_EMPTY_BODY = YES;
				CLANG_WARN_ENUM_CONVERSION = YES;
				CLANG_WARN_INT_CONVERSION = YES;
				CLANG_WARN_OBJC_ROOT_CLASS = YES_ERROR;
				CLANG_WARN__DUPLICATE_METHOD_MATCH = YES;
				"CODE_SIGN_IDENTITY[sdk=iphoneos*]" = "iPhone Developer";
				COPY_PHASE_STRIP = NO;
				GCC_C_LANGUAGE_STANDARD = gnu99;
				GCC_DYNAMIC_NO_PIC = NO;
				GCC_OPTIMIZATION_LEVEL = 0;
				GCC_PREPROCESSOR_DEFINITIONS = (
					"DEBUG=1",
					"$(inherited)",
				);
				GCC_SYMBOLS_PRIVATE_EXTERN = NO;
				GCC_WARN_64_TO_32_BIT_CONVERSION = YES;
				GCC_WARN_ABOUT_RETURN_TYPE = YES_ERROR;
				GCC_WARN_UNDECLARED_SELECTOR = YES;
				GCC_WARN_UNINITIALIZED_AUTOS = YES;
				GCC_WARN_UNUSED_FUNCTION = YES;
				GCC_WARN_UNUSED_VARIABLE = YES;
				IPHONEOS_DEPLOYMENT_TARGET = 7.0;
				ONLY_ACTIVE_ARCH = YES;
				SDKROOT = iphoneos;
			};
			name = Debug;
		};
		84874CE01878D80D00C60B26 /* Release */ = {
			isa = XCBuildConfiguration;
			buildSettings = {
				ALWAYS_SEARCH_USER_PATHS = NO;
				ARCHS = "$(ARCHS_STANDARD_INCLUDING_64_BIT)";
				CLANG_CXX_LANGUAGE_STANDARD = "gnu++0x";
				CLANG_CXX_LIBRARY = "libc++";
				CLANG_ENABLE_MODULES = YES;
				CLANG_ENABLE_OBJC_ARC = YES;
				CLANG_WARN_BOOL_CONVERSION = YES;
				CLANG_WARN_CONSTANT_CONVERSION = YES;
				CLANG_WARN_DIRECT_OBJC_ISA_USAGE = YES_ERROR;
				CLANG_WARN_EMPTY_BODY = YES;
				CLANG_WARN_ENUM_CONVERSION = YES;
				CLANG_WARN_INT_CONVERSION = YES;
				CLANG_WARN_OBJC_ROOT_CLASS = YES_ERROR;
				CLANG_WARN__DUPLICATE_METHOD_MATCH = YES;
				"CODE_SIGN_IDENTITY[sdk=iphoneos*]" = "iPhone Developer";
				COPY_PHASE_STRIP = YES;
				ENABLE_NS_ASSERTIONS = NO;
				GCC_C_LANGUAGE_STANDARD = gnu99;
				GCC_WARN_64_TO_32_BIT_CONVERSION = YES;
				GCC_WARN_ABOUT_RETURN_TYPE = YES_ERROR;
				GCC_WARN_UNDECLARED_SELECTOR = YES;
				GCC_WARN_UNINITIALIZED_AUTOS = YES;
				GCC_WARN_UNUSED_FUNCTION = YES;
				GCC_WARN_UNUSED_VARIABLE = YES;
				IPHONEOS_DEPLOYMENT_TARGET = 7.0;
				SDKROOT = iphoneos;
				VALIDATE_PRODUCT = YES;
			};
			name = Release;
		};
		84874CE21878D80D00C60B26 /* Debug */ = {
			isa = XCBuildConfiguration;
			buildSettings = {
				ASSETCATALOG_COMPILER_APPICON_NAME = AppIcon;
				ASSETCATALOG_COMPILER_LAUNCHIMAGE_NAME = LaunchImage;
				GCC_PRECOMPILE_PREFIX_HEADER = YES;
				GCC_PREFIX_HEADER = "Toggle On One/Toggle On One-Prefix.pch";
				INFOPLIST_FILE = "Toggle On One/Toggle On One-Info.plist";
				PRODUCT_NAME = "$(TARGET_NAME)";
				WRAPPER_EXTENSION = app;
			};
			name = Debug;
		};
		84874CE31878D80D00C60B26 /* Release */ = {
			isa = XCBuildConfiguration;
			buildSettings = {
				ASSETCATALOG_COMPILER_APPICON_NAME = AppIcon;
				ASSETCATALOG_COMPILER_LAUNCHIMAGE_NAME = LaunchImage;
				GCC_PRECOMPILE_PREFIX_HEADER = YES;
				GCC_PREFIX_HEADER = "Toggle On One/Toggle On One-Prefix.pch";
				INFOPLIST_FILE = "Toggle On One/Toggle On One-Info.plist";
				PRODUCT_NAME = "$(TARGET_NAME)";
				WRAPPER_EXTENSION = app;
			};
			name = Release;
		};
		84874CE51878D80D00C60B26 /* Debug */ = {
			isa = XCBuildConfiguration;
			buildSettings = {
				ARCHS = "$(ARCHS_STANDARD_INCLUDING_64_BIT)";
				BUNDLE_LOADER = "$(BUILT_PRODUCTS_DIR)/Toggle On One.app/Toggle On One";
				FRAMEWORK_SEARCH_PATHS = (
					"$(SDKROOT)/Developer/Library/Frameworks",
					"$(inherited)",
					"$(DEVELOPER_FRAMEWORKS_DIR)",
				);
				GCC_PRECOMPILE_PREFIX_HEADER = YES;
				GCC_PREFIX_HEADER = "Toggle On One/Toggle On One-Prefix.pch";
				GCC_PREPROCESSOR_DEFINITIONS = (
					"DEBUG=1",
					"$(inherited)",
				);
				INFOPLIST_FILE = "Toggle On OneTests/Toggle On OneTests-Info.plist";
				PRODUCT_NAME = "$(TARGET_NAME)";
				TEST_HOST = "$(BUNDLE_LOADER)";
				WRAPPER_EXTENSION = xctest;
			};
			name = Debug;
		};
		84874CE61878D80D00C60B26 /* Release */ = {
			isa = XCBuildConfiguration;
			buildSettings = {
				ARCHS = "$(ARCHS_STANDARD_INCLUDING_64_BIT)";
				BUNDLE_LOADER = "$(BUILT_PRODUCTS_DIR)/Toggle On One.app/Toggle On One";
				FRAMEWORK_SEARCH_PATHS = (
					"$(SDKROOT)/Developer/Library/Frameworks",
					"$(inherited)",
					"$(DEVELOPER_FRAMEWORKS_DIR)",
				);
				GCC_PRECOMPILE_PREFIX_HEADER = YES;
				GCC_PREFIX_HEADER = "Toggle On One/Toggle On One-Prefix.pch";
				INFOPLIST_FILE = "Toggle On OneTests/Toggle On OneTests-Info.plist";
				PRODUCT_NAME = "$(TARGET_NAME)";
				TEST_HOST = "$(BUNDLE_LOADER)";
				WRAPPER_EXTENSION = xctest;
			};
			name = Release;
		};
/* End XCBuildConfiguration section */

/* Begin XCConfigurationList section */
		84874CAA1878D80D00C60B26 /* Build configuration list for PBXProject "Toggle On One" */ = {
			isa = XCConfigurationList;
			buildConfigurations = (
				84874CDF1878D80D00C60B26 /* Debug */,
				84874CE01878D80D00C60B26 /* Release */,
			);
			defaultConfigurationIsVisible = 0;
			defaultConfigurationName = Release;
		};
		84874CE11878D80D00C60B26 /* Build configuration list for PBXNativeTarget "Toggle On One" */ = {
			isa = XCConfigurationList;
			buildConfigurations = (
				84874CE21878D80D00C60B26 /* Debug */,
				84874CE31878D80D00C60B26 /* Release */,
			);
			defaultConfigurationIsVisible = 0;
		};
		84874CE41878D80D00C60B26 /* Build configuration list for PBXNativeTarget "Toggle On OneTests" */ = {
			isa = XCConfigurationList;
			buildConfigurations = (
				84874CE51878D80D00C60B26 /* Debug */,
				84874CE61878D80D00C60B26 /* Release */,
			);
			defaultConfigurationIsVisible = 0;
		};
/* End XCConfigurationList section */
	};
	rootObject = 84874CA71878D80D00C60B26 /* Project object */;
}
